
Microsoft Visual Studio Solution File, Format Version 12.00
# Visual Studio 15
VisualStudioVersion = 15.0.27428.2005
MinimumVisualStudioVersion = 10.0.40219.1
Project("{FAE04EC0-301F-11D3-BF4B-00C04F79EFBC}") = "MergeSort", "MergeSort\MergeSort.csproj", "{CCFE5993-29C1-42BA-80AA-02FBE2839DC7}"
EndProject
Project("{FAE04EC0-301F-11D3-BF4B-00C04F79EFBC}") = "MergeSortTest", "MergeSortTest\MergeSortTest.csproj", "{1D687BC0-078F-4CB9-939A-209F75895959}"
EndProject
Project("{FAE04EC0-301F-11D3-BF4B-00C04F79EFBC}") = "QuickSortLogic", "QuickSortLogic\QuickSortLogic.csproj", "{791C6C48-67D4-410F-81A5-3A4FB27C389C}"
EndProject
Project("{FAE04EC0-301F-11D3-BF4B-00C04F79EFBC}") = "QuickSortTest", "QuickSortTest\QuickSortTest.csproj", "{301433E6-9258-4F70-81E0-08BE151F0314}"
EndProject
Global
	GlobalSection(SolutionConfigurationPlatforms) = preSolution
		Debug|Any CPU = Debug|Any CPU
		Release|Any CPU = Release|Any CPU
	EndGlobalSection
	GlobalSection(ProjectConfigurationPlatforms) = postSolution
		{CCFE5993-29C1-42BA-80AA-02FBE2839DC7}.Debug|Any CPU.ActiveCfg = Debug|Any CPU
		{CCFE5993-29C1-42BA-80AA-02FBE2839DC7}.Debug|Any CPU.Build.0 = Debug|Any CPU
		{CCFE5993-29C1-42BA-80AA-02FBE2839DC7}.Release|Any CPU.ActiveCfg = Release|Any CPU
		{CCFE5993-29C1-42BA-80AA-02FBE2839DC7}.Release|Any CPU.Build.0 = Release|Any CPU
		{1D687BC0-078F-4CB9-939A-209F75895959}.Debug|Any CPU.ActiveCfg = Debug|Any CPU
		{1D687BC0-078F-4CB9-939A-209F75895959}.Debug|Any CPU.Build.0 = Debug|Any CPU
		{1D687BC0-078F-4CB9-939A-209F75895959}.Release|Any CPU.ActiveCfg = Release|Any CPU
		{1D687BC0-078F-4CB9-939A-209F75895959}.Release|Any CPU.Build.0 = Release|Any CPU
		{791C6C48-67D4-410F-81A5-3A4FB27C389C}.Debug|Any CPU.ActiveCfg = Debug|Any CPU
		{791C6C48-67D4-410F-81A5-3A4FB27C389C}.Debug|Any CPU.Build.0 = Debug|Any CPU
		{791C6C48-67D4-410F-81A5-3A4FB27C389C}.Release|Any CPU.ActiveCfg = Release|Any CPU
		{791C6C48-67D4-410F-81A5-3A4FB27C389C}.Release|Any CPU.Build.0 = Release|Any CPU
		{301433E6-9258-4F70-81E0-08BE151F0314}.Debug|Any CPU.ActiveCfg = Debug|Any CPU
		{301433E6-9258-4F70-81E0-08BE151F0314}.Debug|Any CPU.Build.0 = Debug|Any CPU
		{301433E6-9258-4F70-81E0-08BE151F0314}.Release|Any CPU.ActiveCfg = Release|Any CPU
		{301433E6-9258-4F70-81E0-08BE151F0314}.Release|Any CPU.Build.0 = Release|Any CPU
	EndGlobalSection
	GlobalSection(SolutionProperties) = preSolution
		HideSolutionNode = FALSE
	EndGlobalSection
	GlobalSection(ExtensibilityGlobals) = postSolution
		SolutionGuid = {5E80BCD4-5EBD-4BB4-AADB-A106A7F1D3FF}
	EndGlobalSection
EndGlobal
